
Microsoft Visual Studio Solution File, Format Version 12.00
# Visual Studio Version 17
VisualStudioVersion = 17.0.31919.166
MinimumVisualStudioVersion = 10.0.40219.1
Project("{FAE04EC0-301F-11D3-BF4B-00C04F79EFBC}") = "UC9_CONSUMO_VEICULO", "UC9_CONSUMO_VEICULO\UC9_CONSUMO_VEICULO.csproj", "{545117F3-AEAC-4F4F-A296-58A6C7AD5751}"
EndProject
Global
	GlobalSection(SolutionConfigurationPlatforms) = preSolution
		Debug|Any CPU = Debug|Any CPU
		Release|Any CPU = Release|Any CPU
	EndGlobalSection
	GlobalSection(ProjectConfigurationPlatforms) = postSolution
		{545117F3-AEAC-4F4F-A296-58A6C7AD5751}.Debug|Any CPU.ActiveCfg = Debug|Any CPU
		{545117F3-AEAC-4F4F-A296-58A6C7AD5751}.Debug|Any CPU.Build.0 = Debug|Any CPU
		{545117F3-AEAC-4F4F-A296-58A6C7AD5751}.Release|Any CPU.ActiveCfg = Release|Any CPU
		{545117F3-AEAC-4F4F-A296-58A6C7AD5751}.Release|Any CPU.Build.0 = Release|Any CPU
	EndGlobalSection
	GlobalSection(SolutionProperties) = preSolution
		HideSolutionNode = FALSE
	EndGlobalSection
	GlobalSection(ExtensibilityGlobals) = postSolution
		SolutionGuid = {C62678D1-1B4E-410F-B118-2529385B4636}
	EndGlobalSection
EndGlobal
